
Microsoft Visual Studio Solution File, Format Version 12.00
# Visual Studio 15
VisualStudioVersion = 15.0.28307.1209
MinimumVisualStudioVersion = 10.0.40219.1
Project("{8BC9CEB8-8B4A-11D0-8D11-00A0C91BC942}") = "CH3_Lab2-2", "CH3_Lab2-2\CH3_Lab2-2.vcxproj", "{CF73DA77-6254-4B46-BEA8-6D5A9EF76C15}"
EndProject
Global
	GlobalSection(SolutionConfigurationPlatforms) = preSolution
		Debug|x64 = Debug|x64
		Debug|x86 = Debug|x86
		Release|x64 = Release|x64
		Release|x86 = Release|x86
	EndGlobalSection
	GlobalSection(ProjectConfigurationPlatforms) = postSolution
		{CF73DA77-6254-4B46-BEA8-6D5A9EF76C15}.Debug|x64.ActiveCfg = Debug|x64
		{CF73DA77-6254-4B46-BEA8-6D5A9EF76C15}.Debug|x64.Build.0 = Debug|x64
		{CF73DA77-6254-4B46-BEA8-6D5A9EF76C15}.Debug|x86.ActiveCfg = Debug|Win32
		{CF73DA77-6254-4B46-BEA8-6D5A9EF76C15}.Debug|x86.Build.0 = Debug|Win32
		{CF73DA77-6254-4B46-BEA8-6D5A9EF76C15}.Release|x64.ActiveCfg = Release|x64
		{CF73DA77-6254-4B46-BEA8-6D5A9EF76C15}.Release|x64.Build.0 = Release|x64
		{CF73DA77-6254-4B46-BEA8-6D5A9EF76C15}.Release|x86.ActiveCfg = Release|Win32
		{CF73DA77-6254-4B46-BEA8-6D5A9EF76C15}.Release|x86.Build.0 = Release|Win32
	EndGlobalSection
	GlobalSection(SolutionProperties) = preSolution
		HideSolutionNode = FALSE
	EndGlobalSection
	GlobalSection(ExtensibilityGlobals) = postSolution
		SolutionGuid = {C6F8692B-76DA-487A-B309-7B9461955371}
	EndGlobalSection
EndGlobal
