
Microsoft Visual Studio Solution File, Format Version 12.00
# Visual Studio 15
VisualStudioVersion = 15.0.28307.1209
MinimumVisualStudioVersion = 10.0.40219.1
Project("{8BC9CEB8-8B4A-11D0-8D11-00A0C91BC942}") = "CH3_Lab2-1", "CH3_Lab2-1\CH3_Lab2-1.vcxproj", "{727B35C9-594C-47EA-B3A6-1AAE17B1C2D6}"
EndProject
Global
	GlobalSection(SolutionConfigurationPlatforms) = preSolution
		Debug|x64 = Debug|x64
		Debug|x86 = Debug|x86
		Release|x64 = Release|x64
		Release|x86 = Release|x86
	EndGlobalSection
	GlobalSection(ProjectConfigurationPlatforms) = postSolution
		{727B35C9-594C-47EA-B3A6-1AAE17B1C2D6}.Debug|x64.ActiveCfg = Debug|x64
		{727B35C9-594C-47EA-B3A6-1AAE17B1C2D6}.Debug|x64.Build.0 = Debug|x64
		{727B35C9-594C-47EA-B3A6-1AAE17B1C2D6}.Debug|x86.ActiveCfg = Debug|Win32
		{727B35C9-594C-47EA-B3A6-1AAE17B1C2D6}.Debug|x86.Build.0 = Debug|Win32
		{727B35C9-594C-47EA-B3A6-1AAE17B1C2D6}.Release|x64.ActiveCfg = Release|x64
		{727B35C9-594C-47EA-B3A6-1AAE17B1C2D6}.Release|x64.Build.0 = Release|x64
		{727B35C9-594C-47EA-B3A6-1AAE17B1C2D6}.Release|x86.ActiveCfg = Release|Win32
		{727B35C9-594C-47EA-B3A6-1AAE17B1C2D6}.Release|x86.Build.0 = Release|Win32
	EndGlobalSection
	GlobalSection(SolutionProperties) = preSolution
		HideSolutionNode = FALSE
	EndGlobalSection
	GlobalSection(ExtensibilityGlobals) = postSolution
		SolutionGuid = {AA806BB8-28A8-4AC2-B700-E24904A36949}
	EndGlobalSection
EndGlobal
